
Microsoft Visual Studio Solution File, Format Version 12.00
# Visual Studio Version 17
VisualStudioVersion = 17.5.33424.131
MinimumVisualStudioVersion = 10.0.40219.1
Project("{9A19103F-16F7-4668-BE54-9A1E7A4F7556}") = "Exercicio1", "Exercicio1\Exercicio1.csproj", "{2398CAC7-6371-4690-943B-2887C4C6B0DB}"
EndProject
Project("{9A19103F-16F7-4668-BE54-9A1E7A4F7556}") = "Exercicio2", "Exercicio2\Exercicio2.csproj", "{2EB8BD91-57EF-415A-933E-727A978FAA6B}"
EndProject
Project("{9A19103F-16F7-4668-BE54-9A1E7A4F7556}") = "Exercicio3", "Exercicio3\Exercicio3.csproj", "{D508F205-47CF-4289-A83B-9C34D4F93D68}"
EndProject
Project("{9A19103F-16F7-4668-BE54-9A1E7A4F7556}") = "exercicio4", "exercicio4\exercicio4.csproj", "{1523BEDD-30BA-46BA-8B22-6CF167647D01}"
EndProject
Project("{9A19103F-16F7-4668-BE54-9A1E7A4F7556}") = "Exercicio5", "Exercicio5\Exercicio5.csproj", "{F52A9E92-1C1C-4948-9F20-62EE71C904B6}"
EndProject
Project("{2150E333-8FDC-42A3-9474-1A3956D46DE8}") = "projetos", "projetos", "{CF41E4D6-A5C9-4364-BD84-8622852F59AF}"
EndProject
Project("{9A19103F-16F7-4668-BE54-9A1E7A4F7556}") = "exercicio6", "exercicio6\exercicio6.csproj", "{3272FD49-7CDA-4BBF-966E-2C73F6B33A43}"
EndProject
Project("{9A19103F-16F7-4668-BE54-9A1E7A4F7556}") = "exercicio7", "exercicio7\exercicio7.csproj", "{3423EC59-1859-4017-BFB1-564218B61DBB}"
EndProject
Project("{9A19103F-16F7-4668-BE54-9A1E7A4F7556}") = "exercicio8", "exercicio8\exercicio8.csproj", "{3EABF41E-2250-4A2B-9045-EF88352B60E0}"
EndProject
Project("{9A19103F-16F7-4668-BE54-9A1E7A4F7556}") = "Exercicio9", "Exercicio9\Exercicio9.csproj", "{14574FBE-E17A-41DE-B8D0-605EE85C6119}"
EndProject
Project("{9A19103F-16F7-4668-BE54-9A1E7A4F7556}") = "exercicio10", "exercicio10\exercicio10.csproj", "{DDBF18FE-4A90-46BD-A74F-553BE26B093C}"
EndProject
Project("{9A19103F-16F7-4668-BE54-9A1E7A4F7556}") = "ConsoleApp2", "ConsoleApp2\ConsoleApp2.csproj", "{C6FD4364-30BA-4D8D-ACB5-D2595115B0FE}"
EndProject
Project("{9A19103F-16F7-4668-BE54-9A1E7A4F7556}") = "exercicio12", "exercicio12\exercicio12.csproj", "{F93B503F-8659-4286-B083-645ADC3D38B8}"
EndProject
Project("{9A19103F-16F7-4668-BE54-9A1E7A4F7556}") = "exercicio13", "exercicio13\exercicio13.csproj", "{071EE71B-184F-4908-8D98-56CFCD45F44A}"
EndProject
Project("{9A19103F-16F7-4668-BE54-9A1E7A4F7556}") = "exercicio14", "exercicio14\exercicio14.csproj", "{22DAA2F6-F7F6-4096-B740-57C8E9FD101A}"
EndProject
Project("{9A19103F-16F7-4668-BE54-9A1E7A4F7556}") = "exercicio16", "exercicio16\exercicio16.csproj", "{ED648A77-E725-4833-9E00-23267C6B9C53}"
EndProject
Project("{9A19103F-16F7-4668-BE54-9A1E7A4F7556}") = "exercicio17", "exercicio17\exercicio17.csproj", "{97883BC3-7098-4BC7-83FB-FB8703F1628A}"
EndProject
Project("{9A19103F-16F7-4668-BE54-9A1E7A4F7556}") = "Exercicio18 a", "Exercicio18 a\Exercicio18 a.csproj", "{43D9E3C7-F11F-4440-8AC3-EE513605D564}"
EndProject
Project("{9A19103F-16F7-4668-BE54-9A1E7A4F7556}") = "exercicio19", "exercicio19\exercicio19.csproj", "{48078D07-5BF5-4F61-9E15-0D68A83C9380}"
EndProject
Project("{9A19103F-16F7-4668-BE54-9A1E7A4F7556}") = "Exercicio20", "Exercicio20\Exercicio20.csproj", "{200F70CE-FBAA-4C3D-9777-370ECB03D195}"
EndProject
Project("{9A19103F-16F7-4668-BE54-9A1E7A4F7556}") = "Exercicio21", "Exercicio21\Exercicio21.csproj", "{B6398907-0AEB-4085-B3B3-1D08868D24CD}"
EndProject
Project("{FAE04EC0-301F-11D3-BF4B-00C04F79EFBC}") = "Exercicio22", "Exercicio22\Exercicio22.csproj", "{EE9FA69B-B1D6-46E2-A397-804E245C1439}"
EndProject
Project("{FAE04EC0-301F-11D3-BF4B-00C04F79EFBC}") = "exercicio23", "exercicio23\exercicio23.csproj", "{548B08A0-E374-4E1E-A45D-7F8901DC851B}"
EndProject
Project("{FAE04EC0-301F-11D3-BF4B-00C04F79EFBC}") = "ConsoleApp3", "ConsoleApp3\ConsoleApp3.csproj", "{CF162198-859D-422A-9AC3-790D604B7A68}"
EndProject
Project("{FAE04EC0-301F-11D3-BF4B-00C04F79EFBC}") = "exercicio25", "exercicio25\exercicio25.csproj", "{7DFDCC16-1CF6-4311-8901-3B50C863213D}"
EndProject
Project("{FAE04EC0-301F-11D3-BF4B-00C04F79EFBC}") = "exercicio 26", "exercicio 26\exercicio 26.csproj", "{1BCEEF05-4033-465C-83CC-9FC80A9E84A8}"
EndProject
Project("{FAE04EC0-301F-11D3-BF4B-00C04F79EFBC}") = "EXercicio27", "EXercicio27\EXercicio27.csproj", "{77466F6F-0C97-4D86-82BA-490D69F1B7BA}"
EndProject
Project("{FAE04EC0-301F-11D3-BF4B-00C04F79EFBC}") = "exercicio28", "exercicio28\exercicio28.csproj", "{EF9E287F-0FFA-4AE4-B4F1-38BE1F2CE324}"
EndProject
Project("{FAE04EC0-301F-11D3-BF4B-00C04F79EFBC}") = "ConsoleApp4", "ConsoleApp4\ConsoleApp4.csproj", "{4BB5A9FD-9703-4762-8D04-A954FE149D54}"
EndProject
Global
	GlobalSection(SolutionConfigurationPlatforms) = preSolution
		Debug|Any CPU = Debug|Any CPU
		Release|Any CPU = Release|Any CPU
	EndGlobalSection
	GlobalSection(ProjectConfigurationPlatforms) = postSolution
		{2398CAC7-6371-4690-943B-2887C4C6B0DB}.Debug|Any CPU.ActiveCfg = Debug|Any CPU
		{2398CAC7-6371-4690-943B-2887C4C6B0DB}.Debug|Any CPU.Build.0 = Debug|Any CPU
		{2398CAC7-6371-4690-943B-2887C4C6B0DB}.Release|Any CPU.ActiveCfg = Release|Any CPU
		{2398CAC7-6371-4690-943B-2887C4C6B0DB}.Release|Any CPU.Build.0 = Release|Any CPU
		{2EB8BD91-57EF-415A-933E-727A978FAA6B}.Debug|Any CPU.ActiveCfg = Debug|Any CPU
		{2EB8BD91-57EF-415A-933E-727A978FAA6B}.Debug|Any CPU.Build.0 = Debug|Any CPU
		{2EB8BD91-57EF-415A-933E-727A978FAA6B}.Release|Any CPU.ActiveCfg = Release|Any CPU
		{2EB8BD91-57EF-415A-933E-727A978FAA6B}.Release|Any CPU.Build.0 = Release|Any CPU
		{D508F205-47CF-4289-A83B-9C34D4F93D68}.Debug|Any CPU.ActiveCfg = Debug|Any CPU
		{D508F205-47CF-4289-A83B-9C34D4F93D68}.Debug|Any CPU.Build.0 = Debug|Any CPU
		{D508F205-47CF-4289-A83B-9C34D4F93D68}.Release|Any CPU.ActiveCfg = Release|Any CPU
		{D508F205-47CF-4289-A83B-9C34D4F93D68}.Release|Any CPU.Build.0 = Release|Any CPU
		{1523BEDD-30BA-46BA-8B22-6CF167647D01}.Debug|Any CPU.ActiveCfg = Debug|Any CPU
		{1523BEDD-30BA-46BA-8B22-6CF167647D01}.Debug|Any CPU.Build.0 = Debug|Any CPU
		{1523BEDD-30BA-46BA-8B22-6CF167647D01}.Release|Any CPU.ActiveCfg = Release|Any CPU
		{1523BEDD-30BA-46BA-8B22-6CF167647D01}.Release|Any CPU.Build.0 = Release|Any CPU
		{F52A9E92-1C1C-4948-9F20-62EE71C904B6}.Debug|Any CPU.ActiveCfg = Debug|Any CPU
		{F52A9E92-1C1C-4948-9F20-62EE71C904B6}.Debug|Any CPU.Build.0 = Debug|Any CPU
		{F52A9E92-1C1C-4948-9F20-62EE71C904B6}.Release|Any CPU.ActiveCfg = Release|Any CPU
		{F52A9E92-1C1C-4948-9F20-62EE71C904B6}.Release|Any CPU.Build.0 = Release|Any CPU
		{3272FD49-7CDA-4BBF-966E-2C73F6B33A43}.Debug|Any CPU.ActiveCfg = Debug|Any CPU
		{3272FD49-7CDA-4BBF-966E-2C73F6B33A43}.Debug|Any CPU.Build.0 = Debug|Any CPU
		{3272FD49-7CDA-4BBF-966E-2C73F6B33A43}.Release|Any CPU.ActiveCfg = Release|Any CPU
		{3272FD49-7CDA-4BBF-966E-2C73F6B33A43}.Release|Any CPU.Build.0 = Release|Any CPU
		{3423EC59-1859-4017-BFB1-564218B61DBB}.Debug|Any CPU.ActiveCfg = Debug|Any CPU
		{3423EC59-1859-4017-BFB1-564218B61DBB}.Debug|Any CPU.Build.0 = Debug|Any CPU
		{3423EC59-1859-4017-BFB1-564218B61DBB}.Release|Any CPU.ActiveCfg = Release|Any CPU
		{3423EC59-1859-4017-BFB1-564218B61DBB}.Release|Any CPU.Build.0 = Release|Any CPU
		{3EABF41E-2250-4A2B-9045-EF88352B60E0}.Debug|Any CPU.ActiveCfg = Debug|Any CPU
		{3EABF41E-2250-4A2B-9045-EF88352B60E0}.Debug|Any CPU.Build.0 = Debug|Any CPU
		{3EABF41E-2250-4A2B-9045-EF88352B60E0}.Release|Any CPU.ActiveCfg = Release|Any CPU
		{3EABF41E-2250-4A2B-9045-EF88352B60E0}.Release|Any CPU.Build.0 = Release|Any CPU
		{14574FBE-E17A-41DE-B8D0-605EE85C6119}.Debug|Any CPU.ActiveCfg = Debug|Any CPU
		{14574FBE-E17A-41DE-B8D0-605EE85C6119}.Debug|Any CPU.Build.0 = Debug|Any CPU
		{14574FBE-E17A-41DE-B8D0-605EE85C6119}.Release|Any CPU.ActiveCfg = Release|Any CPU
		{14574FBE-E17A-41DE-B8D0-605EE85C6119}.Release|Any CPU.Build.0 = Release|Any CPU
		{DDBF18FE-4A90-46BD-A74F-553BE26B093C}.Debug|Any CPU.ActiveCfg = Debug|Any CPU
		{DDBF18FE-4A90-46BD-A74F-553BE26B093C}.Debug|Any CPU.Build.0 = Debug|Any CPU
		{DDBF18FE-4A90-46BD-A74F-553BE26B093C}.Release|Any CPU.ActiveCfg = Release|Any CPU
		{DDBF18FE-4A90-46BD-A74F-553BE26B093C}.Release|Any CPU.Build.0 = Release|Any CPU
		{C6FD4364-30BA-4D8D-ACB5-D2595115B0FE}.Debug|Any CPU.ActiveCfg = Debug|Any CPU
		{C6FD4364-30BA-4D8D-ACB5-D2595115B0FE}.Debug|Any CPU.Build.0 = Debug|Any CPU
		{C6FD4364-30BA-4D8D-ACB5-D2595115B0FE}.Release|Any CPU.ActiveCfg = Release|Any CPU
		{C6FD4364-30BA-4D8D-ACB5-D2595115B0FE}.Release|Any CPU.Build.0 = Release|Any CPU
		{F93B503F-8659-4286-B083-645ADC3D38B8}.Debug|Any CPU.ActiveCfg = Debug|Any CPU
		{F93B503F-8659-4286-B083-645ADC3D38B8}.Debug|Any CPU.Build.0 = Debug|Any CPU
		{F93B503F-8659-4286-B083-645ADC3D38B8}.Release|Any CPU.ActiveCfg = Release|Any CPU
		{F93B503F-8659-4286-B083-645ADC3D38B8}.Release|Any CPU.Build.0 = Release|Any CPU
		{071EE71B-184F-4908-8D98-56CFCD45F44A}.Debug|Any CPU.ActiveCfg = Debug|Any CPU
		{071EE71B-184F-4908-8D98-56CFCD45F44A}.Debug|Any CPU.Build.0 = Debug|Any CPU
		{071EE71B-184F-4908-8D98-56CFCD45F44A}.Release|Any CPU.ActiveCfg = Release|Any CPU
		{071EE71B-184F-4908-8D98-56CFCD45F44A}.Release|Any CPU.Build.0 = Release|Any CPU
		{22DAA2F6-F7F6-4096-B740-57C8E9FD101A}.Debug|Any CPU.ActiveCfg = Debug|Any CPU
		{22DAA2F6-F7F6-4096-B740-57C8E9FD101A}.Debug|Any CPU.Build.0 = Debug|Any CPU
		{22DAA2F6-F7F6-4096-B740-57C8E9FD101A}.Release|Any CPU.ActiveCfg = Release|Any CPU
		{22DAA2F6-F7F6-4096-B740-57C8E9FD101A}.Release|Any CPU.Build.0 = Release|Any CPU
		{ED648A77-E725-4833-9E00-23267C6B9C53}.Debug|Any CPU.ActiveCfg = Debug|Any CPU
		{ED648A77-E725-4833-9E00-23267C6B9C53}.Debug|Any CPU.Build.0 = Debug|Any CPU
		{ED648A77-E725-4833-9E00-23267C6B9C53}.Release|Any CPU.ActiveCfg = Release|Any CPU
		{ED648A77-E725-4833-9E00-23267C6B9C53}.Release|Any CPU.Build.0 = Release|Any CPU
		{97883BC3-7098-4BC7-83FB-FB8703F1628A}.Debug|Any CPU.ActiveCfg = Debug|Any CPU
		{97883BC3-7098-4BC7-83FB-FB8703F1628A}.Debug|Any CPU.Build.0 = Debug|Any CPU
		{97883BC3-7098-4BC7-83FB-FB8703F1628A}.Release|Any CPU.ActiveCfg = Release|Any CPU
		{97883BC3-7098-4BC7-83FB-FB8703F1628A}.Release|Any CPU.Build.0 = Release|Any CPU
		{43D9E3C7-F11F-4440-8AC3-EE513605D564}.Debug|Any CPU.ActiveCfg = Debug|Any CPU
		{43D9E3C7-F11F-4440-8AC3-EE513605D564}.Debug|Any CPU.Build.0 = Debug|Any CPU
		{43D9E3C7-F11F-4440-8AC3-EE513605D564}.Release|Any CPU.ActiveCfg = Release|Any CPU
		{43D9E3C7-F11F-4440-8AC3-EE513605D564}.Release|Any CPU.Build.0 = Release|Any CPU
		{48078D07-5BF5-4F61-9E15-0D68A83C9380}.Debug|Any CPU.ActiveCfg = Debug|Any CPU
		{48078D07-5BF5-4F61-9E15-0D68A83C9380}.Debug|Any CPU.Build.0 = Debug|Any CPU
		{48078D07-5BF5-4F61-9E15-0D68A83C9380}.Release|Any CPU.ActiveCfg = Release|Any CPU
		{48078D07-5BF5-4F61-9E15-0D68A83C9380}.Release|Any CPU.Build.0 = Release|Any CPU
		{200F70CE-FBAA-4C3D-9777-370ECB03D195}.Debug|Any CPU.ActiveCfg = Debug|Any CPU
		{200F70CE-FBAA-4C3D-9777-370ECB03D195}.Debug|Any CPU.Build.0 = Debug|Any CPU
		{200F70CE-FBAA-4C3D-9777-370ECB03D195}.Release|Any CPU.ActiveCfg = Release|Any CPU
		{200F70CE-FBAA-4C3D-9777-370ECB03D195}.Release|Any CPU.Build.0 = Release|Any CPU
		{B6398907-0AEB-4085-B3B3-1D08868D24CD}.Debug|Any CPU.ActiveCfg = Debug|Any CPU
		{B6398907-0AEB-4085-B3B3-1D08868D24CD}.Debug|Any CPU.Build.0 = Debug|Any CPU
		{B6398907-0AEB-4085-B3B3-1D08868D24CD}.Release|Any CPU.ActiveCfg = Release|Any CPU
		{B6398907-0AEB-4085-B3B3-1D08868D24CD}.Release|Any CPU.Build.0 = Release|Any CPU
		{EE9FA69B-B1D6-46E2-A397-804E245C1439}.Debug|Any CPU.ActiveCfg = Debug|Any CPU
		{EE9FA69B-B1D6-46E2-A397-804E245C1439}.Debug|Any CPU.Build.0 = Debug|Any CPU
		{EE9FA69B-B1D6-46E2-A397-804E245C1439}.Release|Any CPU.ActiveCfg = Release|Any CPU
		{EE9FA69B-B1D6-46E2-A397-804E245C1439}.Release|Any CPU.Build.0 = Release|Any CPU
		{548B08A0-E374-4E1E-A45D-7F8901DC851B}.Debug|Any CPU.ActiveCfg = Debug|Any CPU
		{548B08A0-E374-4E1E-A45D-7F8901DC851B}.Debug|Any CPU.Build.0 = Debug|Any CPU
		{548B08A0-E374-4E1E-A45D-7F8901DC851B}.Release|Any CPU.ActiveCfg = Release|Any CPU
		{548B08A0-E374-4E1E-A45D-7F8901DC851B}.Release|Any CPU.Build.0 = Release|Any CPU
		{CF162198-859D-422A-9AC3-790D604B7A68}.Debug|Any CPU.ActiveCfg = Debug|Any CPU
		{CF162198-859D-422A-9AC3-790D604B7A68}.Debug|Any CPU.Build.0 = Debug|Any CPU
		{CF162198-859D-422A-9AC3-790D604B7A68}.Release|Any CPU.ActiveCfg = Release|Any CPU
		{CF162198-859D-422A-9AC3-790D604B7A68}.Release|Any CPU.Build.0 = Release|Any CPU
		{7DFDCC16-1CF6-4311-8901-3B50C863213D}.Debug|Any CPU.ActiveCfg = Debug|Any CPU
		{7DFDCC16-1CF6-4311-8901-3B50C863213D}.Debug|Any CPU.Build.0 = Debug|Any CPU
		{7DFDCC16-1CF6-4311-8901-3B50C863213D}.Release|Any CPU.ActiveCfg = Release|Any CPU
		{7DFDCC16-1CF6-4311-8901-3B50C863213D}.Release|Any CPU.Build.0 = Release|Any CPU
		{1BCEEF05-4033-465C-83CC-9FC80A9E84A8}.Debug|Any CPU.ActiveCfg = Debug|Any CPU
		{1BCEEF05-4033-465C-83CC-9FC80A9E84A8}.Debug|Any CPU.Build.0 = Debug|Any CPU
		{1BCEEF05-4033-465C-83CC-9FC80A9E84A8}.Release|Any CPU.ActiveCfg = Release|Any CPU
		{1BCEEF05-4033-465C-83CC-9FC80A9E84A8}.Release|Any CPU.Build.0 = Release|Any CPU
		{77466F6F-0C97-4D86-82BA-490D69F1B7BA}.Debug|Any CPU.ActiveCfg = Debug|Any CPU
		{77466F6F-0C97-4D86-82BA-490D69F1B7BA}.Debug|Any CPU.Build.0 = Debug|Any CPU
		{77466F6F-0C97-4D86-82BA-490D69F1B7BA}.Release|Any CPU.ActiveCfg = Release|Any CPU
		{77466F6F-0C97-4D86-82BA-490D69F1B7BA}.Release|Any CPU.Build.0 = Release|Any CPU
		{EF9E287F-0FFA-4AE4-B4F1-38BE1F2CE324}.Debug|Any CPU.ActiveCfg = Debug|Any CPU
		{EF9E287F-0FFA-4AE4-B4F1-38BE1F2CE324}.Debug|Any CPU.Build.0 = Debug|Any CPU
		{EF9E287F-0FFA-4AE4-B4F1-38BE1F2CE324}.Release|Any CPU.ActiveCfg = Release|Any CPU
		{EF9E287F-0FFA-4AE4-B4F1-38BE1F2CE324}.Release|Any CPU.Build.0 = Release|Any CPU
		{4BB5A9FD-9703-4762-8D04-A954FE149D54}.Debug|Any CPU.ActiveCfg = Debug|Any CPU
		{4BB5A9FD-9703-4762-8D04-A954FE149D54}.Debug|Any CPU.Build.0 = Debug|Any CPU
		{4BB5A9FD-9703-4762-8D04-A954FE149D54}.Release|Any CPU.ActiveCfg = Release|Any CPU
		{4BB5A9FD-9703-4762-8D04-A954FE149D54}.Release|Any CPU.Build.0 = Release|Any CPU
	EndGlobalSection
	GlobalSection(SolutionProperties) = preSolution
		HideSolutionNode = FALSE
	EndGlobalSection
	GlobalSection(NestedProjects) = preSolution
		{2398CAC7-6371-4690-943B-2887C4C6B0DB} = {CF41E4D6-A5C9-4364-BD84-8622852F59AF}
		{2EB8BD91-57EF-415A-933E-727A978FAA6B} = {CF41E4D6-A5C9-4364-BD84-8622852F59AF}
		{D508F205-47CF-4289-A83B-9C34D4F93D68} = {CF41E4D6-A5C9-4364-BD84-8622852F59AF}
		{1523BEDD-30BA-46BA-8B22-6CF167647D01} = {CF41E4D6-A5C9-4364-BD84-8622852F59AF}
		{F52A9E92-1C1C-4948-9F20-62EE71C904B6} = {CF41E4D6-A5C9-4364-BD84-8622852F59AF}
		{3272FD49-7CDA-4BBF-966E-2C73F6B33A43} = {CF41E4D6-A5C9-4364-BD84-8622852F59AF}
	EndGlobalSection
	GlobalSection(ExtensibilityGlobals) = postSolution
		SolutionGuid = {67C4448C-4156-4CA4-84EF-8BD9A99ED33E}
	EndGlobalSection
EndGlobal
